
Microsoft Visual Studio Solution File, Format Version 12.00
# Visual Studio Version 17
VisualStudioVersion = 17.5.002.0
MinimumVisualStudioVersion = 10.0.40219.1
Project("{9A19103F-16F7-4668-BE54-9A1E7A4F7556}") = "pulumi-hello-world-cs", "pulumi-hello-world-cs.csproj", "{2A1386B8-30E9-49AC-AB3C-4F9504F663AC}"
EndProject
Global
	GlobalSection(SolutionConfigurationPlatforms) = preSolution
		Debug|Any CPU = Debug|Any CPU
		Release|Any CPU = Release|Any CPU
	EndGlobalSection
	GlobalSection(ProjectConfigurationPlatforms) = postSolution
		{2A1386B8-30E9-49AC-AB3C-4F9504F663AC}.Debug|Any CPU.ActiveCfg = Debug|Any CPU
		{2A1386B8-30E9-49AC-AB3C-4F9504F663AC}.Debug|Any CPU.Build.0 = Debug|Any CPU
		{2A1386B8-30E9-49AC-AB3C-4F9504F663AC}.Release|Any CPU.ActiveCfg = Release|Any CPU
		{2A1386B8-30E9-49AC-AB3C-4F9504F663AC}.Release|Any CPU.Build.0 = Release|Any CPU
	EndGlobalSection
	GlobalSection(SolutionProperties) = preSolution
		HideSolutionNode = FALSE
	EndGlobalSection
	GlobalSection(ExtensibilityGlobals) = postSolution
		SolutionGuid = {1828D333-C736-49B2-8CCD-84BD463DB959}
	EndGlobalSection
EndGlobal
